
Microsoft Visual Studio Solution File, Format Version 12.00
# Visual Studio Version 16
VisualStudioVersion = 16.0.31702.278
MinimumVisualStudioVersion = 10.0.40219.1
Project("{FAE04EC0-301F-11D3-BF4B-00C04F79EFBC}") = "Pop_Mihaela_Lab10M", "Pop_Mihaela_Lab10M\Pop_Mihaela_Lab10M.csproj", "{07FA3335-73AE-44EE-81FD-2DFA425AB281}"
EndProject
Project("{FAE04EC0-301F-11D3-BF4B-00C04F79EFBC}") = "gRPCClient", "gRPCClient\gRPCClient.csproj", "{87E74D00-1A33-4543-85C6-637AD25DA563}"
EndProject
Global
	GlobalSection(SolutionConfigurationPlatforms) = preSolution
		Debug|Any CPU = Debug|Any CPU
		Release|Any CPU = Release|Any CPU
	EndGlobalSection
	GlobalSection(ProjectConfigurationPlatforms) = postSolution
		{07FA3335-73AE-44EE-81FD-2DFA425AB281}.Debug|Any CPU.ActiveCfg = Debug|Any CPU
		{07FA3335-73AE-44EE-81FD-2DFA425AB281}.Debug|Any CPU.Build.0 = Debug|Any CPU
		{07FA3335-73AE-44EE-81FD-2DFA425AB281}.Release|Any CPU.ActiveCfg = Release|Any CPU
		{07FA3335-73AE-44EE-81FD-2DFA425AB281}.Release|Any CPU.Build.0 = Release|Any CPU
		{87E74D00-1A33-4543-85C6-637AD25DA563}.Debug|Any CPU.ActiveCfg = Debug|Any CPU
		{87E74D00-1A33-4543-85C6-637AD25DA563}.Debug|Any CPU.Build.0 = Debug|Any CPU
		{87E74D00-1A33-4543-85C6-637AD25DA563}.Release|Any CPU.ActiveCfg = Release|Any CPU
		{87E74D00-1A33-4543-85C6-637AD25DA563}.Release|Any CPU.Build.0 = Release|Any CPU
	EndGlobalSection
	GlobalSection(SolutionProperties) = preSolution
		HideSolutionNode = FALSE
	EndGlobalSection
	GlobalSection(ExtensibilityGlobals) = postSolution
		SolutionGuid = {17BC0528-AB95-4550-9C0A-7340C8B63C9A}
	EndGlobalSection
EndGlobal
